
Microsoft Visual Studio Solution File, Format Version 12.00
Project("{FAE04EC0-301F-11D3-BF4B-00C04F79EFBC}") = "Server", "Server\Server.csproj", "{4D6FDA72-B58A-41BF-A737-386228A94F7A}"
EndProject
Project("{FAE04EC0-301F-11D3-BF4B-00C04F79EFBC}") = "Database", "Database\Database.csproj", "{BF221F50-1C99-49A6-B056-A6D014385C57}"
EndProject
Project("{2150E333-8FDC-42A3-9474-1A3956D46DE8}") = "Scripts", "Scripts", "{027F3527-537B-472F-A124-79D5517E167F}"
	ProjectSection(SolutionItems) = preProject
		docker-compose.Production.yml = docker-compose.Production.yml
		docker-compose.Develop.yml = docker-compose.Develop.yml
	EndProjectSection
EndProject
Project("{FAE04EC0-301F-11D3-BF4B-00C04F79EFBC}") = "Localization", "Localization\Localization.csproj", "{414B8B98-E8CA-4586-A48B-27014732DBAA}"
EndProject
Project("{FAE04EC0-301F-11D3-BF4B-00C04F79EFBC}") = "ArtificialIntelligence", "ArtificialIntelligence\ArtificialIntelligence.csproj", "{E892A24A-11DC-4EFC-B96C-15F24921BB2E}"
EndProject
Project("{2150E333-8FDC-42A3-9474-1A3956D46DE8}") = "Libs", "Libs", "{5B12CD9E-83D0-48DD-A956-70D405BBDDFF}"
EndProject
Project("{FAE04EC0-301F-11D3-BF4B-00C04F79EFBC}") = "UserInterface", "UserInterface\UserInterface.csproj", "{ABAA05CF-CF3B-4B37-AC93-57415E793400}"
EndProject
Project("{FAE04EC0-301F-11D3-BF4B-00C04F79EFBC}") = "MessageQueue", "MessageQueue\MessageQueue.csproj", "{7710F066-A45C-4075-AF9C-E55364602A86}"
EndProject
Project("{2150E333-8FDC-42A3-9474-1A3956D46DE8}") = "Utils", "Utils", "{76862228-2E39-40AC-9551-D9B1BF4E0177}"
EndProject
Project("{FAE04EC0-301F-11D3-BF4B-00C04F79EFBC}") = "LoadTestsBots", "LoadTestsBots\LoadTestsBots.csproj", "{52C46B8C-A2A7-448D-BE7B-87B49F34C66E}"
EndProject
Project("{FAE04EC0-301F-11D3-BF4B-00C04F79EFBC}") = "LoadTestPvP", "LoadTestPvP\LoadTestPvP.csproj", "{35359875-7F72-4D76-9065-6497016FDABF}"
EndProject
Global
	GlobalSection(SolutionConfigurationPlatforms) = preSolution
		Debug|Any CPU = Debug|Any CPU
		Release|Any CPU = Release|Any CPU
	EndGlobalSection
	GlobalSection(ProjectConfigurationPlatforms) = postSolution
		{4D6FDA72-B58A-41BF-A737-386228A94F7A}.Debug|Any CPU.ActiveCfg = Debug|Any CPU
		{4D6FDA72-B58A-41BF-A737-386228A94F7A}.Debug|Any CPU.Build.0 = Debug|Any CPU
		{4D6FDA72-B58A-41BF-A737-386228A94F7A}.Release|Any CPU.ActiveCfg = Release|Any CPU
		{4D6FDA72-B58A-41BF-A737-386228A94F7A}.Release|Any CPU.Build.0 = Release|Any CPU
		{BF221F50-1C99-49A6-B056-A6D014385C57}.Debug|Any CPU.ActiveCfg = Debug|Any CPU
		{BF221F50-1C99-49A6-B056-A6D014385C57}.Debug|Any CPU.Build.0 = Debug|Any CPU
		{BF221F50-1C99-49A6-B056-A6D014385C57}.Release|Any CPU.ActiveCfg = Release|Any CPU
		{BF221F50-1C99-49A6-B056-A6D014385C57}.Release|Any CPU.Build.0 = Release|Any CPU
		{414B8B98-E8CA-4586-A48B-27014732DBAA}.Debug|Any CPU.ActiveCfg = Debug|Any CPU
		{414B8B98-E8CA-4586-A48B-27014732DBAA}.Debug|Any CPU.Build.0 = Debug|Any CPU
		{414B8B98-E8CA-4586-A48B-27014732DBAA}.Release|Any CPU.ActiveCfg = Release|Any CPU
		{414B8B98-E8CA-4586-A48B-27014732DBAA}.Release|Any CPU.Build.0 = Release|Any CPU
		{E892A24A-11DC-4EFC-B96C-15F24921BB2E}.Debug|Any CPU.ActiveCfg = Debug|Any CPU
		{E892A24A-11DC-4EFC-B96C-15F24921BB2E}.Debug|Any CPU.Build.0 = Debug|Any CPU
		{E892A24A-11DC-4EFC-B96C-15F24921BB2E}.Release|Any CPU.ActiveCfg = Release|Any CPU
		{E892A24A-11DC-4EFC-B96C-15F24921BB2E}.Release|Any CPU.Build.0 = Release|Any CPU
		{ABAA05CF-CF3B-4B37-AC93-57415E793400}.Debug|Any CPU.ActiveCfg = Debug|Any CPU
		{ABAA05CF-CF3B-4B37-AC93-57415E793400}.Debug|Any CPU.Build.0 = Debug|Any CPU
		{ABAA05CF-CF3B-4B37-AC93-57415E793400}.Release|Any CPU.ActiveCfg = Release|Any CPU
		{ABAA05CF-CF3B-4B37-AC93-57415E793400}.Release|Any CPU.Build.0 = Release|Any CPU
		{7710F066-A45C-4075-AF9C-E55364602A86}.Debug|Any CPU.ActiveCfg = Debug|Any CPU
		{7710F066-A45C-4075-AF9C-E55364602A86}.Debug|Any CPU.Build.0 = Debug|Any CPU
		{7710F066-A45C-4075-AF9C-E55364602A86}.Release|Any CPU.ActiveCfg = Release|Any CPU
		{7710F066-A45C-4075-AF9C-E55364602A86}.Release|Any CPU.Build.0 = Release|Any CPU
		{52C46B8C-A2A7-448D-BE7B-87B49F34C66E}.Debug|Any CPU.ActiveCfg = Debug|Any CPU
		{52C46B8C-A2A7-448D-BE7B-87B49F34C66E}.Debug|Any CPU.Build.0 = Debug|Any CPU
		{52C46B8C-A2A7-448D-BE7B-87B49F34C66E}.Release|Any CPU.ActiveCfg = Release|Any CPU
		{52C46B8C-A2A7-448D-BE7B-87B49F34C66E}.Release|Any CPU.Build.0 = Release|Any CPU
		{35359875-7F72-4D76-9065-6497016FDABF}.Debug|Any CPU.ActiveCfg = Debug|Any CPU
		{35359875-7F72-4D76-9065-6497016FDABF}.Debug|Any CPU.Build.0 = Debug|Any CPU
		{35359875-7F72-4D76-9065-6497016FDABF}.Release|Any CPU.ActiveCfg = Release|Any CPU
		{35359875-7F72-4D76-9065-6497016FDABF}.Release|Any CPU.Build.0 = Release|Any CPU
	EndGlobalSection
	GlobalSection(NestedProjects) = preSolution
		{BF221F50-1C99-49A6-B056-A6D014385C57} = {5B12CD9E-83D0-48DD-A956-70D405BBDDFF}
		{414B8B98-E8CA-4586-A48B-27014732DBAA} = {5B12CD9E-83D0-48DD-A956-70D405BBDDFF}
		{E892A24A-11DC-4EFC-B96C-15F24921BB2E} = {5B12CD9E-83D0-48DD-A956-70D405BBDDFF}
		{7710F066-A45C-4075-AF9C-E55364602A86} = {5B12CD9E-83D0-48DD-A956-70D405BBDDFF}
		{52C46B8C-A2A7-448D-BE7B-87B49F34C66E} = {76862228-2E39-40AC-9551-D9B1BF4E0177}
		{35359875-7F72-4D76-9065-6497016FDABF} = {76862228-2E39-40AC-9551-D9B1BF4E0177}
	EndGlobalSection
EndGlobal
